
Microsoft Visual Studio Solution File, Format Version 12.00
# Visual Studio Version 17
VisualStudioVersion = 17.9.34723.18
MinimumVisualStudioVersion = 10.0.40219.1
Project("{FAE04EC0-301F-11D3-BF4B-00C04F79EFBC}") = "UserService", "UserService\UserService.csproj", "{DE3CD324-4C72-4875-B5C9-D153CD3B4787}"
EndProject
Global
	GlobalSection(SolutionConfigurationPlatforms) = preSolution
		Debug|Any CPU = Debug|Any CPU
		Release|Any CPU = Release|Any CPU
	EndGlobalSection
	GlobalSection(ProjectConfigurationPlatforms) = postSolution
		{DE3CD324-4C72-4875-B5C9-D153CD3B4787}.Debug|Any CPU.ActiveCfg = Debug|Any CPU
		{DE3CD324-4C72-4875-B5C9-D153CD3B4787}.Debug|Any CPU.Build.0 = Debug|Any CPU
		{DE3CD324-4C72-4875-B5C9-D153CD3B4787}.Release|Any CPU.ActiveCfg = Release|Any CPU
		{DE3CD324-4C72-4875-B5C9-D153CD3B4787}.Release|Any CPU.Build.0 = Release|Any CPU
	EndGlobalSection
	GlobalSection(SolutionProperties) = preSolution
		HideSolutionNode = FALSE
	EndGlobalSection
	GlobalSection(ExtensibilityGlobals) = postSolution
		SolutionGuid = {767CB037-9129-4424-B55D-0BAF8B5D2DD4}
	EndGlobalSection
EndGlobal
